<?xml version="1.0" encoding="utf-8"?>
<Project ToolsVersion="4.0" xmlns="http://schemas.microsoft.com/developer/msbuild/2003">
  <ItemGroup>
    <FxCompile Include="shadowEffect.fx" />
  </ItemGroup>
  <ItemGroup>
    <ClCompile Include="Camera.cpp" />
    <ClCompile Include="Environment.cpp" />
    <ClCompile Include="Shader.cpp" />
    <ClCompile Include="Input.cpp" />
    <ClCompile Include="main.cpp" />
    <ClCompile Include="Mesh.cpp" />
    <ClCompile Include="ShadowEffect.cpp" />
    <ClCompile Include="TimeManager.cpp" />
    <ClCompile Include="PlayerCamera.cpp" />
    <ClCompile Include="Light.cpp" />
  </ItemGroup>
  <ItemGroup>
    <ClInclude Include="Camera.h">
      <Filter>Headers</Filter>
    </ClInclude>
    <ClInclude Include="Environment.h">
      <Filter>Headers</Filter>
    </ClInclude>
    <ClInclude Include="Input.h">
      <Filter>Headers</Filter>
    </ClInclude>
    <ClInclude Include="Mesh.h">
      <Filter>Headers</Filter>
    </ClInclude>
    <ClInclude Include="Shader.h">
      <Filter>Headers</Filter>
    </ClInclude>
    <ClInclude Include="ShadowEffect.h">
      <Filter>Headers</Filter>
    </ClInclude>
    <ClInclude Include="TimeManager.h">
      <Filter>Headers</Filter>
    </ClInclude>
    <ClInclude Include="PlayerCamera.h">
      <Filter>Headers</Filter>
    </ClInclude>
    <ClInclude Include="Light.h">
      <Filter>Headers</Filter>
    </ClInclude>
  </ItemGroup>
  <ItemGroup>
    <Filter Include="Headers">
      <UniqueIdentifier>{48141a28-b05e-4ef0-b814-434609ccf32c}</UniqueIdentifier>
    </Filter>
    <Filter Include="Data">
      <UniqueIdentifier>{cec722b4-a9fe-443a-9314-e929fecaab32}</UniqueIdentifier>
    </Filter>
  </ItemGroup>
  <ItemGroup>
    <None Include="ground.x">
      <Filter>Data</Filter>
    </None>
    <None Include="sphere.x">
      <Filter>Data</Filter>
    </None>
    <None Include="teapot.x">
      <Filter>Data</Filter>
    </None>
    <None Include="head.x">
      <Filter>Data</Filter>
    </None>
    <None Include="plane.x">
      <Filter>Data</Filter>
    </None>
    <None Include="roof.x">
      <Filter>Data</Filter>
    </None>
    <None Include="Wall2.x">
      <Filter>Data</Filter>
    </None>
    <None Include="Wall1.x">
      <Filter>Data</Filter>
    </None>
  </ItemGroup>
</Project>